
Microsoft Visual Studio Solution File, Format Version 12.00
# Visual Studio Version 17
VisualStudioVersion = 17.10.35013.160
MinimumVisualStudioVersion = 10.0.40219.1
Project("{FAE04EC0-301F-11D3-BF4B-00C04F79EFBC}") = "AppsettingManager", "AppsettingManager\AppsettingManager.csproj", "{8D4FAF37-C1E4-441A-9017-6CB9F4BDA754}"
EndProject
Global
	GlobalSection(SolutionConfigurationPlatforms) = preSolution
		Debug|Any CPU = Debug|Any CPU
		Release|Any CPU = Release|Any CPU
	EndGlobalSection
	GlobalSection(ProjectConfigurationPlatforms) = postSolution
		{8D4FAF37-C1E4-441A-9017-6CB9F4BDA754}.Debug|Any CPU.ActiveCfg = Debug|Any CPU
		{8D4FAF37-C1E4-441A-9017-6CB9F4BDA754}.Debug|Any CPU.Build.0 = Debug|Any CPU
		{8D4FAF37-C1E4-441A-9017-6CB9F4BDA754}.Release|Any CPU.ActiveCfg = Release|Any CPU
		{8D4FAF37-C1E4-441A-9017-6CB9F4BDA754}.Release|Any CPU.Build.0 = Release|Any CPU
	EndGlobalSection
	GlobalSection(SolutionProperties) = preSolution
		HideSolutionNode = FALSE
	EndGlobalSection
	GlobalSection(ExtensibilityGlobals) = postSolution
		SolutionGuid = {38B86695-9454-46AE-9A60-7FA5134A2044}
	EndGlobalSection
EndGlobal
